
Microsoft Visual Studio Solution File, Format Version 12.00
# Visual Studio 15
VisualStudioVersion = 15.0.27130.2010
MinimumVisualStudioVersion = 10.0.40219.1
Project("{FAE04EC0-301F-11D3-BF4B-00C04F79EFBC}") = "UnityDemo", "UnityDemo\UnityDemo.csproj", "{F3B0CC22-F598-4BCD-AF3B-CEAD7E639A63}"
EndProject
Global
	GlobalSection(SolutionConfigurationPlatforms) = preSolution
		Debug|Any CPU = Debug|Any CPU
		Release|Any CPU = Release|Any CPU
	EndGlobalSection
	GlobalSection(ProjectConfigurationPlatforms) = postSolution
		{F3B0CC22-F598-4BCD-AF3B-CEAD7E639A63}.Debug|Any CPU.ActiveCfg = Debug|Any CPU
		{F3B0CC22-F598-4BCD-AF3B-CEAD7E639A63}.Debug|Any CPU.Build.0 = Debug|Any CPU
		{F3B0CC22-F598-4BCD-AF3B-CEAD7E639A63}.Release|Any CPU.ActiveCfg = Release|Any CPU
		{F3B0CC22-F598-4BCD-AF3B-CEAD7E639A63}.Release|Any CPU.Build.0 = Release|Any CPU
	EndGlobalSection
	GlobalSection(SolutionProperties) = preSolution
		HideSolutionNode = FALSE
	EndGlobalSection
	GlobalSection(ExtensibilityGlobals) = postSolution
		SolutionGuid = {F44AD323-AD30-4E6A-B865-F49A310B699E}
	EndGlobalSection
EndGlobal
